// !$*UTF8*$!
{
	archiveVersion = 1;
	classes = {
	};
	objectVersion = 55;
	objects = {

/* Begin PBXBuildFile section */
		30EA732328448ED2001D1F69 /* SupMessengerApp.swift in Sources */ = {isa = PBXBuildFile; fileRef = 30EA732228448ED2001D1F69 /* SupMessengerApp.swift */; };
		30EA732528448ED2001D1F69 /* ContentView.swift in Sources */ = {isa = PBXBuildFile; fileRef = 30EA732428448ED2001D1F69 /* ContentView.swift */; };
		30EA732728448ED3001D1F69 /* Assets.xcassets in Resources */ = {isa = PBXBuildFile; fileRef = 30EA732628448ED3001D1F69 /* Assets.xcassets */; };
		30EA732A28448ED3001D1F69 /* Preview Assets.xcassets in Resources */ = {isa = PBXBuildFile; fileRef = 30EA732928448ED3001D1F69 /* Preview Assets.xcassets */; };
		30EA733428448ED3001D1F69 /* SupMessengerTests.swift in Sources */ = {isa = PBXBuildFile; fileRef = 30EA733328448ED3001D1F69 /* SupMessengerTests.swift */; };
		30EA733E28448ED4001D1F69 /* SupMessengerUITests.swift in Sources */ = {isa = PBXBuildFile; fileRef = 30EA733D28448ED4001D1F69 /* SupMessengerUITests.swift */; };
		30EA734028448ED4001D1F69 /* SupMessengerUITestsLaunchTests.swift in Sources */ = {isa = PBXBuildFile; fileRef = 30EA733F28448ED4001D1F69 /* SupMessengerUITestsLaunchTests.swift */; };
/* End PBXBuildFile section */

/* Begin PBXContainerItemProxy section */
		30EA733028448ED3001D1F69 /* PBXContainerItemProxy */ = {
			isa = PBXContainerItemProxy;
			containerPortal = 30EA731728448ED2001D1F69 /* Project object */;
			proxyType = 1;
			remoteGlobalIDString = 30EA731E28448ED2001D1F69;
			remoteInfo = SupMessenger;
		};
		30EA733A28448ED3001D1F69 /* PBXContainerItemProxy */ = {
			isa = PBXContainerItemProxy;
			containerPortal = 30EA731728448ED2001D1F69 /* Project object */;
			proxyType = 1;
			remoteGlobalIDString = 30EA731E28448ED2001D1F69;
			remoteInfo = SupMessenger;
		};
/* End PBXContainerItemProxy section */

/* Begin PBXFileReference section */
		30EA731F28448ED2001D1F69 /* SupMessenger.app */ = {isa = PBXFileReference; explicitFileType = wrapper.application; includeInIndex = 0; path = SupMessenger.app; sourceTree = BUILT_PRODUCTS_DIR; };
		30EA732228448ED2001D1F69 /* SupMessengerApp.swift */ = {isa = PBXFileReference; lastKnownFileType = sourcecode.swift; path = SupMessengerApp.swift; sourceTree = "<group>"; };
		30EA732428448ED2001D1F69 /* ContentView.swift */ = {isa = PBXFileReference; lastKnownFileType = sourcecode.swift; path = ContentView.swift; sourceTree = "<group>"; };
		30EA732628448ED3001D1F69 /* Assets.xcassets */ = {isa = PBXFileReference; lastKnownFileType = folder.assetcatalog; path = Assets.xcassets; sourceTree = "<group>"; };
		30EA732928448ED3001D1F69 /* Preview Assets.xcassets */ = {isa = PBXFileReference; lastKnownFileType = folder.assetcatalog; path = "Preview Assets.xcassets"; sourceTree = "<group>"; };
		30EA732F28448ED3001D1F69 /* SupMessengerTests.xctest */ = {isa = PBXFileReference; explicitFileType = wrapper.cfbundle; includeInIndex = 0; path = SupMessengerTests.xctest; sourceTree = BUILT_PRODUCTS_DIR; };
		30EA733328448ED3001D1F69 /* SupMessengerTests.swift */ = {isa = PBXFileReference; lastKnownFileType = sourcecode.swift; path = SupMessengerTests.swift; sourceTree = "<group>"; };
		30EA733928448ED3001D1F69 /* SupMessengerUITests.xctest */ = {isa = PBXFileReference; explicitFileType = wrapper.cfbundle; includeInIndex = 0; path = SupMessengerUITests.xctest; sourceTree = BUILT_PRODUCTS_DIR; };
		30EA733D28448ED4001D1F69 /* SupMessengerUITests.swift */ = {isa = PBXFileReference; lastKnownFileType = sourcecode.swift; path = SupMessengerUITests.swift; sourceTree = "<group>"; };
		30EA733F28448ED4001D1F69 /* SupMessengerUITestsLaunchTests.swift */ = {isa = PBXFileReference; lastKnownFileType = sourcecode.swift; path = SupMessengerUITestsLaunchTests.swift; sourceTree = "<group>"; };
/* End PBXFileReference section */

/* Begin PBXFrameworksBuildPhase section */
		30EA731C28448ED2001D1F69 /* Frameworks */ = {
			isa = PBXFrameworksBuildPhase;
			buildActionMask = 2147483647;
			files = (
			);
			runOnlyForDeploymentPostprocessing = 0;
		};
		30EA732C28448ED3001D1F69 /* Frameworks */ = {
			isa = PBXFrameworksBuildPhase;
			buildActionMask = 2147483647;
			files = (
			);
			runOnlyForDeploymentPostprocessing = 0;
		};
		30EA733628448ED3001D1F69 /* Frameworks */ = {
			isa = PBXFrameworksBuildPhase;
			buildActionMask = 2147483647;
			files = (
			);
			runOnlyForDeploymentPostprocessing = 0;
		};
/* End PBXFrameworksBuildPhase section */

/* Begin PBXGroup section */
		30EA731628448ED2001D1F69 = {
			isa = PBXGroup;
			children = (
				30EA732128448ED2001D1F69 /* SupMessenger */,
				30EA733228448ED3001D1F69 /* SupMessengerTests */,
				30EA733C28448ED4001D1F69 /* SupMessengerUITests */,
				30EA732028448ED2001D1F69 /* Products */,
			);
			sourceTree = "<group>";
		};
		30EA732028448ED2001D1F69 /* Products */ = {
			isa = PBXGroup;
			children = (
				30EA731F28448ED2001D1F69 /* SupMessenger.app */,
				30EA732F28448ED3001D1F69 /* SupMessengerTests.xctest */,
				30EA733928448ED3001D1F69 /* SupMessengerUITests.xctest */,
			);
			name = Products;
			sourceTree = "<group>";
		};
		30EA732128448ED2001D1F69 /* SupMessenger */ = {
			isa = PBXGroup;
			children = (
				30EA732228448ED2001D1F69 /* SupMessengerApp.swift */,
				30EA732428448ED2001D1F69 /* ContentView.swift */,
				30EA732628448ED3001D1F69 /* Assets.xcassets */,
				30EA732828448ED3001D1F69 /* Preview Content */,
			);
			path = SupMessenger;
			sourceTree = "<group>";
		};
		30EA732828448ED3001D1F69 /* Preview Content */ = {
			isa = PBXGroup;
			children = (
				30EA732928448ED3001D1F69 /* Preview Assets.xcassets */,
			);
			path = "Preview Content";
			sourceTree = "<group>";
		};
		30EA733228448ED3001D1F69 /* SupMessengerTests */ = {
			isa = PBXGroup;
			children = (
				30EA733328448ED3001D1F69 /* SupMessengerTests.swift */,
			);
			path = SupMessengerTests;
			sourceTree = "<group>";
		};
		30EA733C28448ED4001D1F69 /* SupMessengerUITests */ = {
			isa = PBXGroup;
			children = (
				30EA733D28448ED4001D1F69 /* SupMessengerUITests.swift */,
				30EA733F28448ED4001D1F69 /* SupMessengerUITestsLaunchTests.swift */,
			);
			path = SupMessengerUITests;
			sourceTree = "<group>";
		};
/* End PBXGroup section */

/* Begin PBXNativeTarget section */
		30EA731E28448ED2001D1F69 /* SupMessenger */ = {
			isa = PBXNativeTarget;
			buildConfigurationList = 30EA734328448ED4001D1F69 /* Build configuration list for PBXNativeTarget "SupMessenger" */;
			buildPhases = (
				30EA731B28448ED2001D1F69 /* Sources */,
				30EA731C28448ED2001D1F69 /* Frameworks */,
				30EA731D28448ED2001D1F69 /* Resources */,
			);
			buildRules = (
			);
			dependencies = (
			);
			name = SupMessenger;
			productName = SupMessenger;
			productReference = 30EA731F28448ED2001D1F69 /* SupMessenger.app */;
			productType = "com.apple.product-type.application";
		};
		30EA732E28448ED3001D1F69 /* SupMessengerTests */ = {
			isa = PBXNativeTarget;
			buildConfigurationList = 30EA734628448ED4001D1F69 /* Build configuration list for PBXNativeTarget "SupMessengerTests" */;
			buildPhases = (
				30EA732B28448ED3001D1F69 /* Sources */,
				30EA732C28448ED3001D1F69 /* Frameworks */,
				30EA732D28448ED3001D1F69 /* Resources */,
			);
			buildRules = (
			);
			dependencies = (
				30EA733128448ED3001D1F69 /* PBXTargetDependency */,
			);
			name = SupMessengerTests;
			productName = SupMessengerTests;
			productReference = 30EA732F28448ED3001D1F69 /* SupMessengerTests.xctest */;
			productType = "com.apple.product-type.bundle.unit-test";
		};
		30EA733828448ED3001D1F69 /* SupMessengerUITests */ = {
			isa = PBXNativeTarget;
			buildConfigurationList = 30EA734928448ED4001D1F69 /* Build configuration list for PBXNativeTarget "SupMessengerUITests" */;
			buildPhases = (
				30EA733528448ED3001D1F69 /* Sources */,
				30EA733628448ED3001D1F69 /* Frameworks */,
				30EA733728448ED3001D1F69 /* Resources */,
			);
			buildRules = (
			);
			dependencies = (
				30EA733B28448ED3001D1F69 /* PBXTargetDependency */,
			);
			name = SupMessengerUITests;
			productName = SupMessengerUITests;
			productReference = 30EA733928448ED3001D1F69 /* SupMessengerUITests.xctest */;
			productType = "com.apple.product-type.bundle.ui-testing";
		};
/* End PBXNativeTarget section */

/* Begin PBXProject section */
		30EA731728448ED2001D1F69 /* Project object */ = {
			isa = PBXProject;
			attributes = {
				BuildIndependentTargetsInParallel = 1;
				LastSwiftUpdateCheck = 1340;
				LastUpgradeCheck = 1340;
				TargetAttributes = {
					30EA731E28448ED2001D1F69 = {
						CreatedOnToolsVersion = 13.4;
					};
					30EA732E28448ED3001D1F69 = {
						CreatedOnToolsVersion = 13.4;
						TestTargetID = 30EA731E28448ED2001D1F69;
					};
					30EA733828448ED3001D1F69 = {
						CreatedOnToolsVersion = 13.4;
						TestTargetID = 30EA731E28448ED2001D1F69;
					};
				};
			};
			buildConfigurationList = 30EA731A28448ED2001D1F69 /* Build configuration list for PBXProject "SupMessenger" */;
			compatibilityVersion = "Xcode 13.0";
			developmentRegion = en;
			hasScannedForEncodings = 0;
			knownRegions = (
				en,
				Base,
			);
			mainGroup = 30EA731628448ED2001D1F69;
			productRefGroup = 30EA732028448ED2001D1F69 /* Products */;
			projectDirPath = "";
			projectRoot = "";
			targets = (
				30EA731E28448ED2001D1F69 /* SupMessenger */,
				30EA732E28448ED3001D1F69 /* SupMessengerTests */,
				30EA733828448ED3001D1F69 /* SupMessengerUITests */,
			);
		};
/* End PBXProject section */

/* Begin PBXResourcesBuildPhase section */
		30EA731D28448ED2001D1F69 /* Resources */ = {
			isa = PBXResourcesBuildPhase;
			buildActionMask = 2147483647;
			files = (
				30EA732A28448ED3001D1F69 /* Preview Assets.xcassets in Resources */,
				30EA732728448ED3001D1F69 /* Assets.xcassets in Resources */,
			);
			runOnlyForDeploymentPostprocessing = 0;
		};
		30EA732D28448ED3001D1F69 /* Resources */ = {
			isa = PBXResourcesBuildPhase;
			buildActionMask = 2147483647;
			files = (
			);
			runOnlyForDeploymentPostprocessing = 0;
		};
		30EA733728448ED3001D1F69 /* Resources */ = {
			isa = PBXResourcesBuildPhase;
			buildActionMask = 2147483647;
			files = (
			);
			runOnlyForDeploymentPostprocessing = 0;
		};
/* End PBXResourcesBuildPhase section */

/* Begin PBXSourcesBuildPhase section */
		30EA731B28448ED2001D1F69 /* Sources */ = {
			isa = PBXSourcesBuildPhase;
			buildActionMask = 2147483647;
			files = (
				30EA732528448ED2001D1F69 /* ContentView.swift in Sources */,
				30EA732328448ED2001D1F69 /* SupMessengerApp.swift in Sources */,
			);
			runOnlyForDeploymentPostprocessing = 0;
		};
		30EA732B28448ED3001D1F69 /* Sources */ = {
			isa = PBXSourcesBuildPhase;
			buildActionMask = 2147483647;
			files = (
				30EA733428448ED3001D1F69 /* SupMessengerTests.swift in Sources */,
			);
			runOnlyForDeploymentPostprocessing = 0;
		};
		30EA733528448ED3001D1F69 /* Sources */ = {
			isa = PBXSourcesBuildPhase;
			buildActionMask = 2147483647;
			files = (
				30EA733E28448ED4001D1F69 /* SupMessengerUITests.swift in Sources */,
				30EA734028448ED4001D1F69 /* SupMessengerUITestsLaunchTests.swift in Sources */,
			);
			runOnlyForDeploymentPostprocessing = 0;
		};
/* End PBXSourcesBuildPhase section */

/* Begin PBXTargetDependency section */
		30EA733128448ED3001D1F69 /* PBXTargetDependency */ = {
			isa = PBXTargetDependency;
			target = 30EA731E28448ED2001D1F69 /* SupMessenger */;
			targetProxy = 30EA733028448ED3001D1F69 /* PBXContainerItemProxy */;
		};
		30EA733B28448ED3001D1F69 /* PBXTargetDependency */ = {
			isa = PBXTargetDependency;
			target = 30EA731E28448ED2001D1F69 /* SupMessenger */;
			targetProxy = 30EA733A28448ED3001D1F69 /* PBXContainerItemProxy */;
		};
/* End PBXTargetDependency section */

/* Begin XCBuildConfiguration section */
		30EA734128448ED4001D1F69 /* Debug */ = {
			isa = XCBuildConfiguration;
			buildSettings = {
				ALWAYS_SEARCH_USER_PATHS = NO;
				CLANG_ANALYZER_NONNULL = YES;
				CLANG_ANALYZER_NUMBER_OBJECT_CONVERSION = YES_AGGRESSIVE;
				CLANG_CXX_LANGUAGE_STANDARD = "gnu++17";
				CLANG_ENABLE_MODULES = YES;
				CLANG_ENABLE_OBJC_ARC = YES;
				CLANG_ENABLE_OBJC_WEAK = YES;
				CLANG_WARN_BLOCK_CAPTURE_AUTORELEASING = YES;
				CLANG_WARN_BOOL_CONVERSION = YES;
				CLANG_WARN_COMMA = YES;
				CLANG_WARN_CONSTANT_CONVERSION = YES;
				CLANG_WARN_DEPRECATED_OBJC_IMPLEMENTATIONS = YES;
				CLANG_WARN_DIRECT_OBJC_ISA_USAGE = YES_ERROR;
				CLANG_WARN_DOCUMENTATION_COMMENTS = YES;
				CLANG_WARN_EMPTY_BODY = YES;
				CLANG_WARN_ENUM_CONVERSION = YES;
				CLANG_WARN_INFINITE_RECURSION = YES;
				CLANG_WARN_INT_CONVERSION = YES;
				CLANG_WARN_NON_LITERAL_NULL_CONVERSION = YES;
				CLANG_WARN_OBJC_IMPLICIT_RETAIN_SELF = YES;
				CLANG_WARN_OBJC_LITERAL_CONVERSION = YES;
				CLANG_WARN_OBJC_ROOT_CLASS = YES_ERROR;
				CLANG_WARN_QUOTED_INCLUDE_IN_FRAMEWORK_HEADER = YES;
				CLANG_WARN_RANGE_LOOP_ANALYSIS = YES;
				CLANG_WARN_STRICT_PROTOTYPES = YES;
				CLANG_WARN_SUSPICIOUS_MOVE = YES;
				CLANG_WARN_UNGUARDED_AVAILABILITY = YES_AGGRESSIVE;
				CLANG_WARN_UNREACHABLE_CODE = YES;
				CLANG_WARN__DUPLICATE_METHOD_MATCH = YES;
				COPY_PHASE_STRIP = NO;
				DEBUG_INFORMATION_FORMAT = dwarf;
				ENABLE_STRICT_OBJC_MSGSEND = YES;
				ENABLE_TESTABILITY = YES;
				GCC_C_LANGUAGE_STANDARD = gnu11;
				GCC_DYNAMIC_NO_PIC = NO;
				GCC_NO_COMMON_BLOCKS = YES;
				GCC_OPTIMIZATION_LEVEL = 0;
				GCC_PREPROCESSOR_DEFINITIONS = (
					"DEBUG=1",
					"$(inherited)",
				);
				GCC_WARN_64_TO_32_BIT_CONVERSION = YES;
				GCC_WARN_ABOUT_RETURN_TYPE = YES_ERROR;
				GCC_WARN_UNDECLARED_SELECTOR = YES;
				GCC_WARN_UNINITIALIZED_AUTOS = YES_AGGRESSIVE;
				GCC_WARN_UNUSED_FUNCTION = YES;
				GCC_WARN_UNUSED_VARIABLE = YES;
				IPHONEOS_DEPLOYMENT_TARGET = 15.5;
				MTL_ENABLE_DEBUG_INFO = INCLUDE_SOURCE;
				MTL_FAST_MATH = YES;
				ONLY_ACTIVE_ARCH = YES;
				SDKROOT = iphoneos;
				SWIFT_ACTIVE_COMPILATION_CONDITIONS = DEBUG;
				SWIFT_OPTIMIZATION_LEVEL = "-Onone";
			};
			name = Debug;
		};
		30EA734228448ED4001D1F69 /* Release */ = {
			isa = XCBuildConfiguration;
			buildSettings = {
				ALWAYS_SEARCH_USER_PATHS = NO;
				CLANG_ANALYZER_NONNULL = YES;
				CLANG_ANALYZER_NUMBER_OBJECT_CONVERSION = YES_AGGRESSIVE;
				CLANG_CXX_LANGUAGE_STANDARD = "gnu++17";
				CLANG_ENABLE_MODULES = YES;
				CLANG_ENABLE_OBJC_ARC = YES;
				CLANG_ENABLE_OBJC_WEAK = YES;
				CLANG_WARN_BLOCK_CAPTURE_AUTORELEASING = YES;
				CLANG_WARN_BOOL_CONVERSION = YES;
				CLANG_WARN_COMMA = YES;
				CLANG_WARN_CONSTANT_CONVERSION = YES;
				CLANG_WARN_DEPRECATED_OBJC_IMPLEMENTATIONS = YES;
				CLANG_WARN_DIRECT_OBJC_ISA_USAGE = YES_ERROR;
				CLANG_WARN_DOCUMENTATION_COMMENTS = YES;
				CLANG_WARN_EMPTY_BODY = YES;
				CLANG_WARN_ENUM_CONVERSION = YES;
				CLANG_WARN_INFINITE_RECURSION = YES;
				CLANG_WARN_INT_CONVERSION = YES;
				CLANG_WARN_NON_LITERAL_NULL_CONVERSION = YES;
				CLANG_WARN_OBJC_IMPLICIT_RETAIN_SELF = YES;
				CLANG_WARN_OBJC_LITERAL_CONVERSION = YES;
				CLANG_WARN_OBJC_ROOT_CLASS = YES_ERROR;
				CLANG_WARN_QUOTED_INCLUDE_IN_FRAMEWORK_HEADER = YES;
				CLANG_WARN_RANGE_LOOP_ANALYSIS = YES;
				CLANG_WARN_STRICT_PROTOTYPES = YES;
				CLANG_WARN_SUSPICIOUS_MOVE = YES;
				CLANG_WARN_UNGUARDED_AVAILABILITY = YES_AGGRESSIVE;
				CLANG_WARN_UNREACHABLE_CODE = YES;
				CLANG_WARN__DUPLICATE_METHOD_MATCH = YES;
				COPY_PHASE_STRIP = NO;
				DEBUG_INFORMATION_FORMAT = "dwarf-with-dsym";
				ENABLE_NS_ASSERTIONS = NO;
				ENABLE_STRICT_OBJC_MSGSEND = YES;
				GCC_C_LANGUAGE_STANDARD = gnu11;
				GCC_NO_COMMON_BLOCKS = YES;
				GCC_WARN_64_TO_32_BIT_CONVERSION = YES;
				GCC_WARN_ABOUT_RETURN_TYPE = YES_ERROR;
				GCC_WARN_UNDECLARED_SELECTOR = YES;
				GCC_WARN_UNINITIALIZED_AUTOS = YES_AGGRESSIVE;
				GCC_WARN_UNUSED_FUNCTION = YES;
				GCC_WARN_UNUSED_VARIABLE = YES;
				IPHONEOS_DEPLOYMENT_TARGET = 15.5;
				MTL_ENABLE_DEBUG_INFO = NO;
				MTL_FAST_MATH = YES;
				SDKROOT = iphoneos;
				SWIFT_COMPILATION_MODE = wholemodule;
				SWIFT_OPTIMIZATION_LEVEL = "-O";
				VALIDATE_PRODUCT = YES;
			};
			name = Release;
		};
		30EA734428448ED4001D1F69 /* Debug */ = {
			isa = XCBuildConfiguration;
			buildSettings = {
				ASSETCATALOG_COMPILER_APPICON_NAME = AppIcon;
				ASSETCATALOG_COMPILER_GLOBAL_ACCENT_COLOR_NAME = AccentColor;
				CODE_SIGN_STYLE = Automatic;
				CURRENT_PROJECT_VERSION = 1;
				DEVELOPMENT_ASSET_PATHS = "\"SupMessenger/Preview Content\"";
				DEVELOPMENT_TEAM = RV4776Q42L;
				ENABLE_PREVIEWS = YES;
				GENERATE_INFOPLIST_FILE = YES;
				INFOPLIST_KEY_UIApplicationSceneManifest_Generation = YES;
				INFOPLIST_KEY_UIApplicationSupportsIndirectInputEvents = YES;
				INFOPLIST_KEY_UILaunchScreen_Generation = YES;
				INFOPLIST_KEY_UISupportedInterfaceOrientations_iPad = "UIInterfaceOrientationPortrait UIInterfaceOrientationPortraitUpsideDown UIInterfaceOrientationLandscapeLeft UIInterfaceOrientationLandscapeRight";
				INFOPLIST_KEY_UISupportedInterfaceOrientations_iPhone = "UIInterfaceOrientationPortrait UIInterfaceOrientationLandscapeLeft UIInterfaceOrientationLandscapeRight";
				LD_RUNPATH_SEARCH_PATHS = (
					"$(inherited)",
					"@executable_path/Frameworks",
				);
				MARKETING_VERSION = 1.0;
				PRODUCT_BUNDLE_IDENTIFIER = ICS.SupMessenger;
				PRODUCT_NAME = "$(TARGET_NAME)";
				SWIFT_EMIT_LOC_STRINGS = YES;
				SWIFT_VERSION = 5.0;
				TARGETED_DEVICE_FAMILY = "1,2";
			};
			name = Debug;
		};
		30EA734528448ED4001D1F69 /* Release */ = {
			isa = XCBuildConfiguration;
			buildSettings = {
				ASSETCATALOG_COMPILER_APPICON_NAME = AppIcon;
				ASSETCATALOG_COMPILER_GLOBAL_ACCENT_COLOR_NAME = AccentColor;
				CODE_SIGN_STYLE = Automatic;
				CURRENT_PROJECT_VERSION = 1;
				DEVELOPMENT_ASSET_PATHS = "\"SupMessenger/Preview Content\"";
				DEVELOPMENT_TEAM = RV4776Q42L;
				ENABLE_PREVIEWS = YES;
				GENERATE_INFOPLIST_FILE = YES;
				INFOPLIST_KEY_UIApplicationSceneManifest_Generation = YES;
				INFOPLIST_KEY_UIApplicationSupportsIndirectInputEvents = YES;
				INFOPLIST_KEY_UILaunchScreen_Generation = YES;
				INFOPLIST_KEY_UISupportedInterfaceOrientations_iPad = "UIInterfaceOrientationPortrait UIInterfaceOrientationPortraitUpsideDown UIInterfaceOrientationLandscapeLeft UIInterfaceOrientationLandscapeRight";
				INFOPLIST_KEY_UISupportedInterfaceOrientations_iPhone = "UIInterfaceOrientationPortrait UIInterfaceOrientationLandscapeLeft UIInterfaceOrientationLandscapeRight";
				LD_RUNPATH_SEARCH_PATHS = (
					"$(inherited)",
					"@executable_path/Frameworks",
				);
				MARKETING_VERSION = 1.0;
				PRODUCT_BUNDLE_IDENTIFIER = ICS.SupMessenger;
				PRODUCT_NAME = "$(TARGET_NAME)";
				SWIFT_EMIT_LOC_STRINGS = YES;
				SWIFT_VERSION = 5.0;
				TARGETED_DEVICE_FAMILY = "1,2";
			};
			name = Release;
		};
		30EA734728448ED4001D1F69 /* Debug */ = {
			isa = XCBuildConfiguration;
			buildSettings = {
				ALWAYS_EMBED_SWIFT_STANDARD_LIBRARIES = YES;
				BUNDLE_LOADER = "$(TEST_HOST)";
				CODE_SIGN_STYLE = Automatic;
				CURRENT_PROJECT_VERSION = 1;
				DEVELOPMENT_TEAM = RV4776Q42L;
				GENERATE_INFOPLIST_FILE = YES;
				IPHONEOS_DEPLOYMENT_TARGET = 15.5;
				MARKETING_VERSION = 1.0;
				PRODUCT_BUNDLE_IDENTIFIER = ICS.SupMessengerTests;
				PRODUCT_NAME = "$(TARGET_NAME)";
				SWIFT_EMIT_LOC_STRINGS = NO;
				SWIFT_VERSION = 5.0;
				TARGETED_DEVICE_FAMILY = "1,2";
				TEST_HOST = "$(BUILT_PRODUCTS_DIR)/SupMessenger.app/SupMessenger";
			};
			name = Debug;
		};
		30EA734828448ED4001D1F69 /* Release */ = {
			isa = XCBuildConfiguration;
			buildSettings = {
				ALWAYS_EMBED_SWIFT_STANDARD_LIBRARIES = YES;
				BUNDLE_LOADER = "$(TEST_HOST)";
				CODE_SIGN_STYLE = Automatic;
				CURRENT_PROJECT_VERSION = 1;
				DEVELOPMENT_TEAM = RV4776Q42L;
				GENERATE_INFOPLIST_FILE = YES;
				IPHONEOS_DEPLOYMENT_TARGET = 15.5;
				MARKETING_VERSION = 1.0;
				PRODUCT_BUNDLE_IDENTIFIER = ICS.SupMessengerTests;
				PRODUCT_NAME = "$(TARGET_NAME)";
				SWIFT_EMIT_LOC_STRINGS = NO;
				SWIFT_VERSION = 5.0;
				TARGETED_DEVICE_FAMILY = "1,2";
				TEST_HOST = "$(BUILT_PRODUCTS_DIR)/SupMessenger.app/SupMessenger";
			};
			name = Release;
		};
		30EA734A28448ED4001D1F69 /* Debug */ = {
			isa = XCBuildConfiguration;
			buildSettings = {
				ALWAYS_EMBED_SWIFT_STANDARD_LIBRARIES = YES;
				CODE_SIGN_STYLE = Automatic;
				CURRENT_PROJECT_VERSION = 1;
				DEVELOPMENT_TEAM = RV4776Q42L;
				GENERATE_INFOPLIST_FILE = YES;
				MARKETING_VERSION = 1.0;
				PRODUCT_BUNDLE_IDENTIFIER = ICS.SupMessengerUITests;
				PRODUCT_NAME = "$(TARGET_NAME)";
				SWIFT_EMIT_LOC_STRINGS = NO;
				SWIFT_VERSION = 5.0;
				TARGETED_DEVICE_FAMILY = "1,2";
				TEST_TARGET_NAME = SupMessenger;
			};
			name = Debug;
		};
		30EA734B28448ED4001D1F69 /* Release */ = {
			isa = XCBuildConfiguration;
			buildSettings = {
				ALWAYS_EMBED_SWIFT_STANDARD_LIBRARIES = YES;
				CODE_SIGN_STYLE = Automatic;
				CURRENT_PROJECT_VERSION = 1;
				DEVELOPMENT_TEAM = RV4776Q42L;
				GENERATE_INFOPLIST_FILE = YES;
				MARKETING_VERSION = 1.0;
				PRODUCT_BUNDLE_IDENTIFIER = ICS.SupMessengerUITests;
				PRODUCT_NAME = "$(TARGET_NAME)";
				SWIFT_EMIT_LOC_STRINGS = NO;
				SWIFT_VERSION = 5.0;
				TARGETED_DEVICE_FAMILY = "1,2";
				TEST_TARGET_NAME = SupMessenger;
			};
			name = Release;
		};
/* End XCBuildConfiguration section */

/* Begin XCConfigurationList section */
		30EA731A28448ED2001D1F69 /* Build configuration list for PBXProject "SupMessenger" */ = {
			isa = XCConfigurationList;
			buildConfigurations = (
				30EA734128448ED4001D1F69 /* Debug */,
				30EA734228448ED4001D1F69 /* Release */,
			);
			defaultConfigurationIsVisible = 0;
			defaultConfigurationName = Release;
		};
		30EA734328448ED4001D1F69 /* Build configuration list for PBXNativeTarget "SupMessenger" */ = {
			isa = XCConfigurationList;
			buildConfigurations = (
				30EA734428448ED4001D1F69 /* Debug */,
				30EA734528448ED4001D1F69 /* Release */,
			);
			defaultConfigurationIsVisible = 0;
			defaultConfigurationName = Release;
		};
		30EA734628448ED4001D1F69 /* Build configuration list for PBXNativeTarget "SupMessengerTests" */ = {
			isa = XCConfigurationList;
			buildConfigurations = (
				30EA734728448ED4001D1F69 /* Debug */,
				30EA734828448ED4001D1F69 /* Release */,
			);
			defaultConfigurationIsVisible = 0;
			defaultConfigurationName = Release;
		};
		30EA734928448ED4001D1F69 /* Build configuration list for PBXNativeTarget "SupMessengerUITests" */ = {
			isa = XCConfigurationList;
			buildConfigurations = (
				30EA734A28448ED4001D1F69 /* Debug */,
				30EA734B28448ED4001D1F69 /* Release */,
			);
			defaultConfigurationIsVisible = 0;
			defaultConfigurationName = Release;
		};
/* End XCConfigurationList section */
	};
	rootObject = 30EA731728448ED2001D1F69 /* Project object */;
}
